{
  "nodes": {
    "home-manager": {
      "inputs": {
        "nixpkgs": [
          "nixpkgs"
        ],
        "utils": "utils"
      },
      "locked": {
        "lastModified": 1657887110,
        "narHash": "sha256-8VV0/kZed2z8fGtEc2zr+WLxTow+JTIlMjnSisyv0GQ=",
        "owner": "nix-community",
        "repo": "home-manager",
        "rev": "4c5106ed0f3168ff2df21b646aef67e86cbfc11c",
        "type": "github"
      },
      "original": {
        "owner": "nix-community",
        "repo": "home-manager",
        "type": "github"
      }
    },
    "nixpkgs": {
      "locked": {
        "lastModified": 1655200165,
        "narHash": "sha256-6/RbS7g1iIsp5Naywv53SGtCPVW4flUOGDy2nm45D3E=",
        "owner": "NixOS",
        "repo": "nixpkgs",
        "rev": "9227bbe43157225414e990b87587ccb1665225d9",
        "type": "github"
      },
      "original": {
        "id": "nixpkgs",
        "ref": "nixos-21.11",
        "type": "indirect"
      }
    },
    "root": {
      "inputs": {
        "home-manager": "home-manager",
        "nixpkgs": "nixpkgs"
      }
    },
    "utils": {
      "locked": {
        "lastModified": 1656928814,
        "narHash": "sha256-RIFfgBuKz6Hp89yRr7+NR5tzIAbn52h8vT6vXkYjZoM=",
        "owner": "numtide",
        "repo": "flake-utils",
        "rev": "7e2a3b3dfd9af950a856d66b0a7d01e3c18aa249",
        "type": "github"
      },
      "original": {
        "owner": "numtide",
        "repo": "flake-utils",
        "type": "github"
      }
    }
  },
  "root": "root",
  "version": 7
}
